{
  "lockfileVersion": 1,
  "workspaces": {
    "": {
      "name": "lyra",
      "devDependencies": {
        "@biomejs/biome": "^1.9.4",
        "@types/node": "^22.0.0",
        "typescript": "^5.6.0",
      },
    },
    "packages/sui": {
      "name": "@lyra/sui",
      "version": "0.1.0",
      "dependencies": {
        "@mysten/sui": "^1.30.0",
        "@mysten/walrus": "^0.6.0",
      },
    },
  },
  "packages": {
    "@0no-co/graphql.web": ["@0no-co/graphql.web@1.3.2", "", { "peerDependencies": { "graphql": "^14.0.0 || ^15.0.0 || ^16.0.0" }, "optionalPeers": ["graphql"] }, "sha512-Q1+pRlLhE31GOY/2c9BAEnFTNxO7Awtc6fhhEDlxyCBQ2N0IhD32cPVvPChrK9mwBNSgRdW/sF1kd2e0ojHj1Q=="],

    "@0no-co/graphqlsp": ["@0no-co/graphqlsp@1.17.2", "", { "dependencies": { "@gql.tada/internal": "^1.2.0", "graphql": "^15.5.0 || ^16.0.0 || ^17.0.0" }, "peerDependencies": { "typescript": "^5.0.0 || ^6.0.0" } }, "sha512-b3Et0xpXj6H8gYraDUd/hVpY0+WnkAS4cwf4fjnvWGlZhVI2Tt2EXl6lhYx+aprUM7oQ7s7Z6JfjPzBkPpj6jQ=="],

    "@biomejs/biome": ["@biomejs/biome@1.9.4", "", { "optionalDependencies": { "@biomejs/cli-darwin-arm64": "1.9.4", "@biomejs/cli-darwin-x64": "1.9.4", "@biomejs/cli-linux-arm64": "1.9.4", "@biomejs/cli-linux-arm64-musl": "1.9.4", "@biomejs/cli-linux-x64": "1.9.4", "@biomejs/cli-linux-x64-musl": "1.9.4", "@biomejs/cli-win32-arm64": "1.9.4", "@biomejs/cli-win32-x64": "1.9.4" }, "bin": { "biome": "bin/biome" } }, "sha512-1rkd7G70+o9KkTn5KLmDYXihGoTaIGO9PIIN2ZB7UJxFrWw04CZHPYiMRjYsaDvVV7hP1dYNRLxSANLaBFGpog=="],

    "@biomejs/cli-darwin-arm64": ["@biomejs/cli-darwin-arm64@1.9.4", "", { "os": "darwin", "cpu": "arm64" }, "sha512-bFBsPWrNvkdKrNCYeAp+xo2HecOGPAy9WyNyB/jKnnedgzl4W4Hb9ZMzYNbf8dMCGmUdSavlYHiR01QaYR58cw=="],

    "@biomejs/cli-darwin-x64": ["@biomejs/cli-darwin-x64@1.9.4", "", { "os": "darwin", "cpu": "x64" }, "sha512-ngYBh/+bEedqkSevPVhLP4QfVPCpb+4BBe2p7Xs32dBgs7rh9nY2AIYUL6BgLw1JVXV8GlpKmb/hNiuIxfPfZg=="],

    "@biomejs/cli-linux-arm64": ["@biomejs/cli-linux-arm64@1.9.4", "", { "os": "linux", "cpu": "arm64" }, "sha512-fJIW0+LYujdjUgJJuwesP4EjIBl/N/TcOX3IvIHJQNsAqvV2CHIogsmA94BPG6jZATS4Hi+xv4SkBBQSt1N4/g=="],

    "@biomejs/cli-linux-arm64-musl": ["@biomejs/cli-linux-arm64-musl@1.9.4", "", { "os": "linux", "cpu": "arm64" }, "sha512-v665Ct9WCRjGa8+kTr0CzApU0+XXtRgwmzIf1SeKSGAv+2scAlW6JR5PMFo6FzqqZ64Po79cKODKf3/AAmECqA=="],

    "@biomejs/cli-linux-x64": ["@biomejs/cli-linux-x64@1.9.4", "", { "os": "linux", "cpu": "x64" }, "sha512-lRCJv/Vi3Vlwmbd6K+oQ0KhLHMAysN8lXoCI7XeHlxaajk06u7G+UsFSO01NAs5iYuWKmVZjmiOzJ0OJmGsMwg=="],

    "@biomejs/cli-linux-x64-musl": ["@biomejs/cli-linux-x64-musl@1.9.4", "", { "os": "linux", "cpu": "x64" }, "sha512-gEhi/jSBhZ2m6wjV530Yy8+fNqG8PAinM3oV7CyO+6c3CEh16Eizm21uHVsyVBEB6RIM8JHIl6AGYCv6Q6Q9Tg=="],

    "@biomejs/cli-win32-arm64": ["@biomejs/cli-win32-arm64@1.9.4", "", { "os": "win32", "cpu": "arm64" }, "sha512-tlbhLk+WXZmgwoIKwHIHEBZUwxml7bRJgk0X2sPyNR3S93cdRq6XulAZRQJ17FYGGzWne0fgrXBKpl7l4M87Hg=="],

    "@biomejs/cli-win32-x64": ["@biomejs/cli-win32-x64@1.9.4", "", { "os": "win32", "cpu": "x64" }, "sha512-8Y5wMhVIPaWe6jw2H+KlEm4wP/f7EW3810ZLmDlrEEy5KvBsb9ECEfu/kMWD484ijfQ8+nIi0giMgu9g1UAuuA=="],

    "@gql.tada/cli-utils": ["@gql.tada/cli-utils@1.9.1", "", { "dependencies": { "@0no-co/graphqlsp": "^1.17.2", "@gql.tada/internal": "1.2.0", "graphql": "^15.5.0 || ^16.0.0 || ^17.0.0" }, "peerDependencies": { "@gql.tada/svelte-support": "1.0.3", "@gql.tada/vue-support": "1.0.3", "typescript": "^5.0.0 || ^6.0.0 || ^7.0.0 || ^8.0.0" }, "optionalPeers": ["@gql.tada/svelte-support", "@gql.tada/vue-support"] }, "sha512-PTWdrcnLOKQ3cOLrYOBF/QwzKnjE037jq4CibxB5IV/Pi+Vjr8YhL5W210gkpfdCOJ/YM1lM3Q6jusmzC6z4Vw=="],

    "@gql.tada/internal": ["@gql.tada/internal@1.2.0", "", { "dependencies": { "@0no-co/graphql.web": "^1.3.1" }, "peerDependencies": { "graphql": "^15.5.0 || ^16.0.0 || ^17.0.0", "typescript": "^5.0.0 || ^6.0.0 || ^7.0.0 || ^8.0.0" } }, "sha512-mbrWlSLNMCMuP7uGFm4EGFJ0oU1XqzUqykAqQ4emVLUvuERKB6Vhb3KoWdSqSCCBKm7G3WcYCYgFbaMUUMNshw=="],

    "@graphql-typed-document-node/core": ["@graphql-typed-document-node/core@3.2.0", "", { "peerDependencies": { "graphql": "^0.8.0 || ^0.9.0 || ^0.10.0 || ^0.11.0 || ^0.12.0 || ^0.13.0 || ^14.0.0 || ^15.0.0 || ^16.0.0 || ^17.0.0" } }, "sha512-mB9oAsNCm9aM3/SOv4YtBMqZbYj10R7dkq8byBqxGY/ncFwhf2oQzMV+LCRlWoDSEBJ3COiR1yeDvMtsoOsuFQ=="],

    "@lyra/sui": ["@lyra/sui@workspace:packages/sui"],

    "@mysten/bcs": ["@mysten/bcs@1.9.2", "", { "dependencies": { "@mysten/utils": "0.2.0", "@scure/base": "^1.2.6" } }, "sha512-kBk5xrxV9OWR7i+JhL/plQrgQ2/KJhB2pB5gj+w6GXhbMQwS3DPpOvi/zN0Tj84jwPvHMllpEl0QHj6ywN7/eQ=="],

    "@mysten/sui": ["@mysten/sui@1.45.2", "", { "dependencies": { "@graphql-typed-document-node/core": "^3.2.0", "@mysten/bcs": "1.9.2", "@mysten/utils": "0.2.0", "@noble/curves": "=1.9.4", "@noble/hashes": "^1.8.0", "@protobuf-ts/grpcweb-transport": "^2.11.1", "@protobuf-ts/runtime": "^2.11.1", "@protobuf-ts/runtime-rpc": "^2.11.1", "@scure/base": "^1.2.6", "@scure/bip32": "^1.7.0", "@scure/bip39": "^1.6.0", "gql.tada": "^1.8.13", "graphql": "^16.11.0", "poseidon-lite": "0.2.1", "valibot": "^1.2.0" } }, "sha512-gftf7fNpFSiXyfXpbtP2afVEnhc7p2m/MEYc/SO5pov92dacGKOpQIF7etZsGDI1Wvhv+dpph+ulRNpnYSs7Bg=="],

    "@mysten/utils": ["@mysten/utils@0.2.0", "", { "dependencies": { "@scure/base": "^1.2.6" } }, "sha512-CM6kJcJHX365cK6aXfFRLBiuyXc5WSBHQ43t94jqlCAIRw8umgNcTb5EnEA9n31wPAQgLDGgbG/rCUISCTJ66w=="],

    "@mysten/walrus": ["@mysten/walrus@0.6.7", "", { "dependencies": { "@mysten/bcs": "1.7.0", "@mysten/sui": "1.37.6", "@mysten/utils": "0.1.1", "@mysten/walrus-wasm": "0.1.1", "dataloader": "^2.2.3" } }, "sha512-D82T1TJX1SkF3dj+/Wo1TsHbdJbM4X/BshFQ5AGkGYKcIOFlyZvF612ZIxpB7hS1t/8S9ED2635l7xGn+tNIDA=="],

    "@mysten/walrus-wasm": ["@mysten/walrus-wasm@0.1.1", "", {}, "sha512-j+12gNbPAIkgY7g1d4aCF2rXDpgTLQsyjEdu0s7A8xlu/95u5quP7Tc7Jz7VLFfbtkJigBpGyPZ/8J2tZv4cJA=="],

    "@noble/curves": ["@noble/curves@1.9.4", "", { "dependencies": { "@noble/hashes": "1.8.0" } }, "sha512-2bKONnuM53lINoDrSmK8qP8W271ms7pygDhZt4SiLOoLwBtoHqeCFi6RG42V8zd3mLHuJFhU/Bmaqo4nX0/kBw=="],

    "@noble/hashes": ["@noble/hashes@1.8.0", "", {}, "sha512-jCs9ldd7NwzpgXDIf6P3+NrHh9/sD6CQdxHyjQI+h/6rDNo88ypBxxz45UDuZHz9r3tNz7N/VInSVoVdtXEI4A=="],

    "@protobuf-ts/grpcweb-transport": ["@protobuf-ts/grpcweb-transport@2.11.1", "", { "dependencies": { "@protobuf-ts/runtime": "^2.11.1", "@protobuf-ts/runtime-rpc": "^2.11.1" } }, "sha512-1W4utDdvOB+RHMFQ0soL4JdnxjXV+ddeGIUg08DvZrA8Ms6k5NN6GBFU2oHZdTOcJVpPrDJ02RJlqtaoCMNBtw=="],

    "@protobuf-ts/runtime": ["@protobuf-ts/runtime@2.11.1", "", {}, "sha512-KuDaT1IfHkugM2pyz+FwiY80ejWrkH1pAtOBOZFuR6SXEFTsnb/jiQWQ1rCIrcKx2BtyxnxW6BWwsVSA/Ie+WQ=="],

    "@protobuf-ts/runtime-rpc": ["@protobuf-ts/runtime-rpc@2.11.1", "", { "dependencies": { "@protobuf-ts/runtime": "^2.11.1" } }, "sha512-4CqqUmNA+/uMz00+d3CYKgElXO9VrEbucjnBFEjqI4GuDrEQ32MaI3q+9qPBvIGOlL4PmHXrzM32vBPWRhQKWQ=="],

    "@scure/base": ["@scure/base@1.2.6", "", {}, "sha512-g/nm5FgUa//MCj1gV09zTJTaM6KBAHqLN907YVQqf7zC49+DcO4B1so4ZX07Ef10Twr6nuqYEH9GEggFXA4Fmg=="],

    "@scure/bip32": ["@scure/bip32@1.7.0", "", { "dependencies": { "@noble/curves": "~1.9.0", "@noble/hashes": "~1.8.0", "@scure/base": "~1.2.5" } }, "sha512-E4FFX/N3f4B80AKWp5dP6ow+flD1LQZo/w8UnLGYZO674jS6YnYeepycOOksv+vLPSpgN35wgKgy+ybfTb2SMw=="],

    "@scure/bip39": ["@scure/bip39@1.6.0", "", { "dependencies": { "@noble/hashes": "~1.8.0", "@scure/base": "~1.2.5" } }, "sha512-+lF0BbLiJNwVlev4eKelw1WWLaiKXw7sSl8T6FvBlWkdX+94aGJ4o8XjUdlyhTCjd8c+B3KT3JfS8P0bLRNU6A=="],

    "@types/node": ["@types/node@22.19.21", "", { "dependencies": { "undici-types": "~6.21.0" } }, "sha512-VMeFBSCKQKmm2swI2kW51SFusDqekC6q9trBCvJ/JliDchFSuoYYKN7yVNjPthP1HKZcx3U1gI/wTcEBjEFKTA=="],

    "dataloader": ["dataloader@2.2.3", "", {}, "sha512-y2krtASINtPFS1rSDjacrFgn1dcUuoREVabwlOGOe4SdxenREqwjwjElAdwvbGM7kgZz9a3KVicWR7vcz8rnzA=="],

    "gql.tada": ["gql.tada@1.11.1", "", { "dependencies": { "@0no-co/graphql.web": "^1.3.2", "@0no-co/graphqlsp": "^1.17.2", "@gql.tada/cli-utils": "1.9.1", "@gql.tada/internal": "1.2.0" }, "peerDependencies": { "typescript": "^5.0.0 || ^6.0.0 || ^7.0.0 || ^8.0.0" }, "bin": { "gql-tada": "./bin/cli.js", "gql.tada": "./bin/cli.js" } }, "sha512-ZfmvPQq7SX7foxjGpVJlKNYHotyapwNlAe8OxCy8uLdUnC9KP/o6rMjrgMW9jN3udES6SsvNAXjyM/l6FssDAg=="],

    "graphql": ["graphql@16.14.2", "", {}, "sha512-Chq1s4CY7jmh8gO2qvLIJyfCDIN+EHLFW/9iShnp1z8FjBQMoodWP1kDC36VAMXXIvAjj4ARa7ntfAV2BrjsbA=="],

    "poseidon-lite": ["poseidon-lite@0.2.1", "", {}, "sha512-xIr+G6HeYfOhCuswdqcFpSX47SPhm0EpisWJ6h7fHlWwaVIvH3dLnejpatrtw6Xc6HaLrpq05y7VRfvDmDGIog=="],

    "typescript": ["typescript@5.9.3", "", { "bin": { "tsc": "bin/tsc", "tsserver": "bin/tsserver" } }, "sha512-jl1vZzPDinLr9eUt3J/t7V6FgNEw9QjvBPdysz9KfQDD41fQrC2Y4vKQdiaUpFT4bXlb1RHhLpp8wtm6M5TgSw=="],

    "undici-types": ["undici-types@6.21.0", "", {}, "sha512-iwDZqg0QAGrg9Rav5H4n0M64c3mkR59cJ6wQp+7C4nI0gsmExaedaYLNO44eT4AtBBwjbTiGPMlt2Md0T9H9JQ=="],

    "valibot": ["valibot@1.4.1", "", { "peerDependencies": { "typescript": ">=5" }, "optionalPeers": ["typescript"] }, "sha512-klCmFTz2jeDluy9RwX+F884TCiogtdBJ/YaxSx1EOBYXa3NXNWj8kR1jjN8rzluwojJVWWaHJ4r1U5LfICnM3g=="],

    "@mysten/walrus/@mysten/bcs": ["@mysten/bcs@1.7.0", "", { "dependencies": { "@mysten/utils": "0.1.1", "@scure/base": "^1.2.6" } }, "sha512-8zE2Jzj2ai55RlVXx2pEMbbq+X3vB+uPGBvZr0F79IdTwuwcu4QdFG3PT/zHsytsvATkn+z0f2YDWhM5916u2A=="],

    "@mysten/walrus/@mysten/sui": ["@mysten/sui@1.37.6", "", { "dependencies": { "@graphql-typed-document-node/core": "^3.2.0", "@mysten/bcs": "1.7.0", "@mysten/utils": "0.1.1", "@noble/curves": "^1.9.4", "@noble/hashes": "^1.8.0", "@scure/base": "^1.2.6", "@scure/bip32": "^1.7.0", "@scure/bip39": "^1.6.0", "gql.tada": "^1.8.12", "graphql": "^16.11.0", "poseidon-lite": "0.2.1", "valibot": "^0.36.0" } }, "sha512-7ut5tWuXx9OIE+DQ2D5hd22UB8j8K4/F2Lx3R8Ej/JMwkm6cpgbF5FKNu0vYqehxiFEktMnq2YzzajxmlFHNPw=="],

    "@mysten/walrus/@mysten/utils": ["@mysten/utils@0.1.1", "", { "dependencies": { "@scure/base": "^1.2.6" } }, "sha512-jvhJC6/2la1QHltukQXzfyTZ+VVHxe187JjPx+mEXRUWyAo6jCSdioOQJIfaGu4K4i+37KeiydXRwV/bq/7UJQ=="],

    "@mysten/walrus/@mysten/sui/valibot": ["valibot@0.36.0", "", {}, "sha512-CjF1XN4sUce8sBK9TixrDqFM7RwNkuXdJu174/AwmQUB62QbCQADg5lLe8ldBalFgtj1uKj+pKwDJiNo4Mn+eQ=="],
  }
}
